{
  "name": "gocode-typescript-runtime",
  "version": "1.0.0",
  "lockfileVersion": 3,
  "requires": true,
  "packages": {
    "": {
      "name": "gocode-typescript-runtime",
      "version": "1.0.0",
      "dependencies": {
        "typescript-language-server": "6.0.1"
      }
    },
    "node_modules/typescript-language-server": {
      "version": "6.0.1",
      "resolved": "https://registry.npmjs.org/typescript-language-server/-/typescript-language-server-6.0.1.tgz",
      "integrity": "sha512-c5hEHM/7rdFRbQWoHXuddyJ53oF0M2dKeXQOYdwUek556oarltKeumKJGLp/ZMcGV7gW30mGn1MR3V5GDiLiKg==",
      "license": "Apache-2.0",
      "bin": {
        "typescript-language-server": "lib/cli.mjs"
      },
      "engines": {
        "node": ">=22.22.2"
      }
    }
  }
}
